github.com/yuin/goldmark v1.8.4 h1:oat/nd3U6NeQqFEL3xpEJq7d7c86NI+DbSNGAs4xnjA=
github.com/yuin/goldmark v1.8.4/go.mod h1:ip/1k0VRfGynBgxOz0yCqHrbZXhcjxyuS66Brc7iBKg=
github.com/yuin/goldmark/v2 v2.0.0-beta.5 h1:IOyGIdkgU4oSCFA+qaei8ct8ECajxUMcvUsgKDI4pyg=
github.com/yuin/goldmark/v2 v2.0.0-beta.5/go.mod h1:lSX/kxc086wZlaQYnSrf7GGqRnFsP6Bm6cWQKVmOuqs=
